
Microsoft Visual Studio Solution File, Format Version 12.00
Project("{2150E333-8FDC-42A3-9474-1A3956D46DE8}") = "src", "src", "{F2360C8F-503E-4BFC-91DD-E9C6E1B27C7A}"
EndProject
Project("{FAE04EC0-301F-11D3-BF4B-00C04F79EFBC}") = "JWPaymentGateway.Web", "src\JWPaymentGateway.Web\JWPaymentGateway.Web.csproj", "{8E80F340-5525-471B-A415-2A8BA4CC5CA3}"
EndProject
Project("{FAE04EC0-301F-11D3-BF4B-00C04F79EFBC}") = "JWPaymentGateway.Application", "src\JWPaymentGateway.Application\JWPaymentGateway.Application.csproj", "{11E5DC40-8DB2-45ED-9E38-C786A3BB0BF4}"
EndProject
Project("{FAE04EC0-301F-11D3-BF4B-00C04F79EFBC}") = "JWPaymentGateway.Domain", "src\JWPaymentGateway.Domain\JWPaymentGateway.Domain.csproj", "{E8D12EB0-7D9C-4B0D-B01F-BA5BEEB361CD}"
EndProject
Project("{FAE04EC0-301F-11D3-BF4B-00C04F79EFBC}") = "JWPaymentGateway.Infrastructure", "src\JWPaymentGateway.Infrastructure\JWPaymentGateway.Infrastructure.csproj", "{FD5A3E71-8E78-4F50-B9E2-B38CCF17A83B}"
EndProject
Global
	GlobalSection(SolutionConfigurationPlatforms) = preSolution
		Debug|Any CPU = Debug|Any CPU
		Release|Any CPU = Release|Any CPU
	EndGlobalSection
	GlobalSection(NestedProjects) = preSolution
		{8E80F340-5525-471B-A415-2A8BA4CC5CA3} = {F2360C8F-503E-4BFC-91DD-E9C6E1B27C7A}
		{11E5DC40-8DB2-45ED-9E38-C786A3BB0BF4} = {F2360C8F-503E-4BFC-91DD-E9C6E1B27C7A}
		{E8D12EB0-7D9C-4B0D-B01F-BA5BEEB361CD} = {F2360C8F-503E-4BFC-91DD-E9C6E1B27C7A}
		{FD5A3E71-8E78-4F50-B9E2-B38CCF17A83B} = {F2360C8F-503E-4BFC-91DD-E9C6E1B27C7A}
	EndGlobalSection
	GlobalSection(ProjectConfigurationPlatforms) = postSolution
		{8E80F340-5525-471B-A415-2A8BA4CC5CA3}.Debug|Any CPU.ActiveCfg = Debug|Any CPU
		{8E80F340-5525-471B-A415-2A8BA4CC5CA3}.Debug|Any CPU.Build.0 = Debug|Any CPU
		{8E80F340-5525-471B-A415-2A8BA4CC5CA3}.Release|Any CPU.ActiveCfg = Release|Any CPU
		{8E80F340-5525-471B-A415-2A8BA4CC5CA3}.Release|Any CPU.Build.0 = Release|Any CPU
		{11E5DC40-8DB2-45ED-9E38-C786A3BB0BF4}.Debug|Any CPU.ActiveCfg = Debug|Any CPU
		{11E5DC40-8DB2-45ED-9E38-C786A3BB0BF4}.Debug|Any CPU.Build.0 = Debug|Any CPU
		{11E5DC40-8DB2-45ED-9E38-C786A3BB0BF4}.Release|Any CPU.ActiveCfg = Release|Any CPU
		{11E5DC40-8DB2-45ED-9E38-C786A3BB0BF4}.Release|Any CPU.Build.0 = Release|Any CPU
		{E8D12EB0-7D9C-4B0D-B01F-BA5BEEB361CD}.Debug|Any CPU.ActiveCfg = Debug|Any CPU
		{E8D12EB0-7D9C-4B0D-B01F-BA5BEEB361CD}.Debug|Any CPU.Build.0 = Debug|Any CPU
		{E8D12EB0-7D9C-4B0D-B01F-BA5BEEB361CD}.Release|Any CPU.ActiveCfg = Release|Any CPU
		{E8D12EB0-7D9C-4B0D-B01F-BA5BEEB361CD}.Release|Any CPU.Build.0 = Release|Any CPU
		{FD5A3E71-8E78-4F50-B9E2-B38CCF17A83B}.Debug|Any CPU.ActiveCfg = Debug|Any CPU
		{FD5A3E71-8E78-4F50-B9E2-B38CCF17A83B}.Debug|Any CPU.Build.0 = Debug|Any CPU
		{FD5A3E71-8E78-4F50-B9E2-B38CCF17A83B}.Release|Any CPU.ActiveCfg = Release|Any CPU
		{FD5A3E71-8E78-4F50-B9E2-B38CCF17A83B}.Release|Any CPU.Build.0 = Release|Any CPU
	EndGlobalSection
EndGlobal
